
Microsoft Visual Studio Solution File, Format Version 12.00
# Visual Studio 15
VisualStudioVersion = 15.0.26403.7
MinimumVisualStudioVersion = 10.0.40219.1
Project("{FAE04EC0-301F-11D3-BF4B-00C04F79EFBC}") = "MoonFlower.App", "MoonFlower.App\MoonFlower.App.csproj", "{2EE4752B-CF95-49CA-BA97-AD3129E96973}"
	ProjectSection(ProjectDependencies) = postProject
		{1CA6F0D9-EFCC-4BC0-99CA-FF5C72EA400D} = {1CA6F0D9-EFCC-4BC0-99CA-FF5C72EA400D}
	EndProjectSection
EndProject
Project("{F2A71F9B-5D33-465A-A702-920D77279786}") = "MoonFlower.ViewModel", "MoonFlower.ViewModel\MoonFlower.ViewModel.fsproj", "{1CA6F0D9-EFCC-4BC0-99CA-FF5C72EA400D}"
	ProjectSection(ProjectDependencies) = postProject
		{70A49087-E4EB-40FA-B5CE-6C4908D3A0BF} = {70A49087-E4EB-40FA-B5CE-6C4908D3A0BF}
	EndProjectSection
EndProject
Project("{F2A71F9B-5D33-465A-A702-920D77279786}") = "MoonFlower.Model", "MoonFlower.Model\MoonFlower.Model.fsproj", "{70A49087-E4EB-40FA-B5CE-6C4908D3A0BF}"
	ProjectSection(ProjectDependencies) = postProject
		{2B3C1FE8-6DE5-494F-B156-F3CB1AEE5595} = {2B3C1FE8-6DE5-494F-B156-F3CB1AEE5595}
	EndProjectSection
EndProject
Project("{FAE04EC0-301F-11D3-BF4B-00C04F79EFBC}") = "Mastonet", "..\Mastonet\Mastonet\Mastonet.csproj", "{2B3C1FE8-6DE5-494F-B156-F3CB1AEE5595}"
EndProject
Global
	GlobalSection(SolutionConfigurationPlatforms) = preSolution
		Debug|Any CPU = Debug|Any CPU
		Release|Any CPU = Release|Any CPU
	EndGlobalSection
	GlobalSection(ProjectConfigurationPlatforms) = postSolution
		{2EE4752B-CF95-49CA-BA97-AD3129E96973}.Debug|Any CPU.ActiveCfg = Debug|Any CPU
		{2EE4752B-CF95-49CA-BA97-AD3129E96973}.Debug|Any CPU.Build.0 = Debug|Any CPU
		{2EE4752B-CF95-49CA-BA97-AD3129E96973}.Release|Any CPU.ActiveCfg = Release|Any CPU
		{2EE4752B-CF95-49CA-BA97-AD3129E96973}.Release|Any CPU.Build.0 = Release|Any CPU
		{1CA6F0D9-EFCC-4BC0-99CA-FF5C72EA400D}.Debug|Any CPU.ActiveCfg = Debug|Any CPU
		{1CA6F0D9-EFCC-4BC0-99CA-FF5C72EA400D}.Debug|Any CPU.Build.0 = Debug|Any CPU
		{1CA6F0D9-EFCC-4BC0-99CA-FF5C72EA400D}.Release|Any CPU.ActiveCfg = Release|Any CPU
		{1CA6F0D9-EFCC-4BC0-99CA-FF5C72EA400D}.Release|Any CPU.Build.0 = Release|Any CPU
		{70A49087-E4EB-40FA-B5CE-6C4908D3A0BF}.Debug|Any CPU.ActiveCfg = Debug|Any CPU
		{70A49087-E4EB-40FA-B5CE-6C4908D3A0BF}.Debug|Any CPU.Build.0 = Debug|Any CPU
		{70A49087-E4EB-40FA-B5CE-6C4908D3A0BF}.Release|Any CPU.ActiveCfg = Release|Any CPU
		{70A49087-E4EB-40FA-B5CE-6C4908D3A0BF}.Release|Any CPU.Build.0 = Release|Any CPU
		{2B3C1FE8-6DE5-494F-B156-F3CB1AEE5595}.Debug|Any CPU.ActiveCfg = Debug|Any CPU
		{2B3C1FE8-6DE5-494F-B156-F3CB1AEE5595}.Debug|Any CPU.Build.0 = Debug|Any CPU
		{2B3C1FE8-6DE5-494F-B156-F3CB1AEE5595}.Release|Any CPU.ActiveCfg = Release|Any CPU
		{2B3C1FE8-6DE5-494F-B156-F3CB1AEE5595}.Release|Any CPU.Build.0 = Release|Any CPU
	EndGlobalSection
	GlobalSection(SolutionProperties) = preSolution
		HideSolutionNode = FALSE
	EndGlobalSection
EndGlobal
